
Microsoft Visual Studio Solution File, Format Version 12.00
# Visual Studio Version 17
VisualStudioVersion = 17.6.33801.468
MinimumVisualStudioVersion = 10.0.40219.1
Project("{FAE04EC0-301F-11D3-BF4B-00C04F79EFBC}") = "NBAManager", "NBAManager.csproj", "{AA17CB2C-E4D6-437E-AADB-24082B0E6F2F}"
EndProject
Global
	GlobalSection(SolutionConfigurationPlatforms) = preSolution
		Debug|Any CPU = Debug|Any CPU
		Release|Any CPU = Release|Any CPU
	EndGlobalSection
	GlobalSection(ProjectConfigurationPlatforms) = postSolution
		{AA17CB2C-E4D6-437E-AADB-24082B0E6F2F}.Debug|Any CPU.ActiveCfg = Debug|Any CPU
		{AA17CB2C-E4D6-437E-AADB-24082B0E6F2F}.Debug|Any CPU.Build.0 = Debug|Any CPU
		{AA17CB2C-E4D6-437E-AADB-24082B0E6F2F}.Release|Any CPU.ActiveCfg = Release|Any CPU
		{AA17CB2C-E4D6-437E-AADB-24082B0E6F2F}.Release|Any CPU.Build.0 = Release|Any CPU
	EndGlobalSection
	GlobalSection(SolutionProperties) = preSolution
		HideSolutionNode = FALSE
	EndGlobalSection
	GlobalSection(ExtensibilityGlobals) = postSolution
		SolutionGuid = {7F3D42E9-A046-4C64-87CA-5E1926A8071F}
	EndGlobalSection
EndGlobal
